
Microsoft Visual Studio Solution File, Format Version 12.00
# Visual Studio 15
VisualStudioVersion = 15.0.28307.106
MinimumVisualStudioVersion = 10.0.40219.1
Project("{FAE04EC0-301F-11D3-BF4B-00C04F79EFBC}") = "ExcelWPF", "ExcelWPF\ExcelWPF.csproj", "{7009750B-817A-4E89-A3F9-9745FD1D04CC}"
EndProject
Global
	GlobalSection(SolutionConfigurationPlatforms) = preSolution
		Debug|Any CPU = Debug|Any CPU
		Release|Any CPU = Release|Any CPU
	EndGlobalSection
	GlobalSection(ProjectConfigurationPlatforms) = postSolution
		{7009750B-817A-4E89-A3F9-9745FD1D04CC}.Debug|Any CPU.ActiveCfg = Debug|Any CPU
		{7009750B-817A-4E89-A3F9-9745FD1D04CC}.Debug|Any CPU.Build.0 = Debug|Any CPU
		{7009750B-817A-4E89-A3F9-9745FD1D04CC}.Release|Any CPU.ActiveCfg = Release|Any CPU
		{7009750B-817A-4E89-A3F9-9745FD1D04CC}.Release|Any CPU.Build.0 = Release|Any CPU
	EndGlobalSection
	GlobalSection(SolutionProperties) = preSolution
		HideSolutionNode = FALSE
	EndGlobalSection
	GlobalSection(ExtensibilityGlobals) = postSolution
		SolutionGuid = {5536353F-E4D6-4998-9F92-86BF8D7A1DC5}
	EndGlobalSection
EndGlobal
